
Microsoft Visual Studio Solution File, Format Version 12.00
# Visual Studio 15
VisualStudioVersion = 15.0.28307.1231
MinimumVisualStudioVersion = 10.0.40219.1
Project("{8BC9CEB8-8B4A-11D0-8D11-00A0C91BC942}") = "Lab13-5", "Lab13-5\Lab13-5.vcxproj", "{9764AD39-DEB9-468F-A2AD-5A49FF463888}"
EndProject
Global
	GlobalSection(SolutionConfigurationPlatforms) = preSolution
		Debug|x64 = Debug|x64
		Debug|x86 = Debug|x86
		Release|x64 = Release|x64
		Release|x86 = Release|x86
	EndGlobalSection
	GlobalSection(ProjectConfigurationPlatforms) = postSolution
		{9764AD39-DEB9-468F-A2AD-5A49FF463888}.Debug|x64.ActiveCfg = Debug|x64
		{9764AD39-DEB9-468F-A2AD-5A49FF463888}.Debug|x64.Build.0 = Debug|x64
		{9764AD39-DEB9-468F-A2AD-5A49FF463888}.Debug|x86.ActiveCfg = Debug|Win32
		{9764AD39-DEB9-468F-A2AD-5A49FF463888}.Debug|x86.Build.0 = Debug|Win32
		{9764AD39-DEB9-468F-A2AD-5A49FF463888}.Release|x64.ActiveCfg = Release|x64
		{9764AD39-DEB9-468F-A2AD-5A49FF463888}.Release|x64.Build.0 = Release|x64
		{9764AD39-DEB9-468F-A2AD-5A49FF463888}.Release|x86.ActiveCfg = Release|Win32
		{9764AD39-DEB9-468F-A2AD-5A49FF463888}.Release|x86.Build.0 = Release|Win32
	EndGlobalSection
	GlobalSection(SolutionProperties) = preSolution
		HideSolutionNode = FALSE
	EndGlobalSection
	GlobalSection(ExtensibilityGlobals) = postSolution
		SolutionGuid = {896579A3-1EC9-4B30-9139-DF8620EF169B}
	EndGlobalSection
EndGlobal
