
Microsoft Visual Studio Solution File, Format Version 12.00
# Visual Studio 15
VisualStudioVersion = 15.0.28307.1231
MinimumVisualStudioVersion = 10.0.40219.1
Project("{8BC9CEB8-8B4A-11D0-8D11-00A0C91BC942}") = "Lab06-1-b", "Lab06-1-b\Lab06-1-b.vcxproj", "{F92A4CB4-DC0E-43ED-ABC8-D3A2C06D628D}"
EndProject
Global
	GlobalSection(SolutionConfigurationPlatforms) = preSolution
		Debug|x64 = Debug|x64
		Debug|x86 = Debug|x86
		Release|x64 = Release|x64
		Release|x86 = Release|x86
	EndGlobalSection
	GlobalSection(ProjectConfigurationPlatforms) = postSolution
		{F92A4CB4-DC0E-43ED-ABC8-D3A2C06D628D}.Debug|x64.ActiveCfg = Debug|x64
		{F92A4CB4-DC0E-43ED-ABC8-D3A2C06D628D}.Debug|x64.Build.0 = Debug|x64
		{F92A4CB4-DC0E-43ED-ABC8-D3A2C06D628D}.Debug|x86.ActiveCfg = Debug|Win32
		{F92A4CB4-DC0E-43ED-ABC8-D3A2C06D628D}.Debug|x86.Build.0 = Debug|Win32
		{F92A4CB4-DC0E-43ED-ABC8-D3A2C06D628D}.Release|x64.ActiveCfg = Release|x64
		{F92A4CB4-DC0E-43ED-ABC8-D3A2C06D628D}.Release|x64.Build.0 = Release|x64
		{F92A4CB4-DC0E-43ED-ABC8-D3A2C06D628D}.Release|x86.ActiveCfg = Release|Win32
		{F92A4CB4-DC0E-43ED-ABC8-D3A2C06D628D}.Release|x86.Build.0 = Release|Win32
	EndGlobalSection
	GlobalSection(SolutionProperties) = preSolution
		HideSolutionNode = FALSE
	EndGlobalSection
	GlobalSection(ExtensibilityGlobals) = postSolution
		SolutionGuid = {480CB4DC-32E4-4AFA-942B-713E7E28F71C}
	EndGlobalSection
EndGlobal
