
Microsoft Visual Studio Solution File, Format Version 12.00
# Visual Studio 15
VisualStudioVersion = 15.0.28307.1231
MinimumVisualStudioVersion = 10.0.40219.1
Project("{8BC9CEB8-8B4A-11D0-8D11-00A0C91BC942}") = "Lab06-4", "Lab06-4\Lab06-4.vcxproj", "{2AF10A5E-84DD-48F1-9E66-0102AB6EF2DE}"
EndProject
Global
	GlobalSection(SolutionConfigurationPlatforms) = preSolution
		Debug|x64 = Debug|x64
		Debug|x86 = Debug|x86
		Release|x64 = Release|x64
		Release|x86 = Release|x86
	EndGlobalSection
	GlobalSection(ProjectConfigurationPlatforms) = postSolution
		{2AF10A5E-84DD-48F1-9E66-0102AB6EF2DE}.Debug|x64.ActiveCfg = Debug|x64
		{2AF10A5E-84DD-48F1-9E66-0102AB6EF2DE}.Debug|x64.Build.0 = Debug|x64
		{2AF10A5E-84DD-48F1-9E66-0102AB6EF2DE}.Debug|x86.ActiveCfg = Debug|Win32
		{2AF10A5E-84DD-48F1-9E66-0102AB6EF2DE}.Debug|x86.Build.0 = Debug|Win32
		{2AF10A5E-84DD-48F1-9E66-0102AB6EF2DE}.Release|x64.ActiveCfg = Release|x64
		{2AF10A5E-84DD-48F1-9E66-0102AB6EF2DE}.Release|x64.Build.0 = Release|x64
		{2AF10A5E-84DD-48F1-9E66-0102AB6EF2DE}.Release|x86.ActiveCfg = Release|Win32
		{2AF10A5E-84DD-48F1-9E66-0102AB6EF2DE}.Release|x86.Build.0 = Release|Win32
	EndGlobalSection
	GlobalSection(SolutionProperties) = preSolution
		HideSolutionNode = FALSE
	EndGlobalSection
	GlobalSection(ExtensibilityGlobals) = postSolution
		SolutionGuid = {EF79C398-CA89-49DB-AD3E-BF57B1D2504C}
	EndGlobalSection
EndGlobal
