
Microsoft Visual Studio Solution File, Format Version 12.00
# Visual Studio 15
VisualStudioVersion = 15.0.28307.1231
MinimumVisualStudioVersion = 10.0.40219.1
Project("{8BC9CEB8-8B4A-11D0-8D11-00A0C91BC942}") = "Lab10-2", "Lab10-2\Lab10-2.vcxproj", "{C66D655B-117A-4755-8112-9A4420FFBA72}"
EndProject
Global
	GlobalSection(SolutionConfigurationPlatforms) = preSolution
		Debug|x64 = Debug|x64
		Debug|x86 = Debug|x86
		Release|x64 = Release|x64
		Release|x86 = Release|x86
	EndGlobalSection
	GlobalSection(ProjectConfigurationPlatforms) = postSolution
		{C66D655B-117A-4755-8112-9A4420FFBA72}.Debug|x64.ActiveCfg = Debug|x64
		{C66D655B-117A-4755-8112-9A4420FFBA72}.Debug|x64.Build.0 = Debug|x64
		{C66D655B-117A-4755-8112-9A4420FFBA72}.Debug|x86.ActiveCfg = Debug|Win32
		{C66D655B-117A-4755-8112-9A4420FFBA72}.Debug|x86.Build.0 = Debug|Win32
		{C66D655B-117A-4755-8112-9A4420FFBA72}.Release|x64.ActiveCfg = Release|x64
		{C66D655B-117A-4755-8112-9A4420FFBA72}.Release|x64.Build.0 = Release|x64
		{C66D655B-117A-4755-8112-9A4420FFBA72}.Release|x86.ActiveCfg = Release|Win32
		{C66D655B-117A-4755-8112-9A4420FFBA72}.Release|x86.Build.0 = Release|Win32
	EndGlobalSection
	GlobalSection(SolutionProperties) = preSolution
		HideSolutionNode = FALSE
	EndGlobalSection
	GlobalSection(ExtensibilityGlobals) = postSolution
		SolutionGuid = {B7E98CB2-E80B-4F46-88FF-6C679687906A}
	EndGlobalSection
EndGlobal
