
Microsoft Visual Studio Solution File, Format Version 12.00
# Visual Studio 15
VisualStudioVersion = 15.0.28307.1231
MinimumVisualStudioVersion = 10.0.40219.1
Project("{8BC9CEB8-8B4A-11D0-8D11-00A0C91BC942}") = "App022", "App022\App022.vcxproj", "{6905DE3A-7630-4B1F-BDF0-54A788DA21D1}"
EndProject
Global
	GlobalSection(SolutionConfigurationPlatforms) = preSolution
		Debug|x64 = Debug|x64
		Debug|x86 = Debug|x86
		Release|x64 = Release|x64
		Release|x86 = Release|x86
	EndGlobalSection
	GlobalSection(ProjectConfigurationPlatforms) = postSolution
		{6905DE3A-7630-4B1F-BDF0-54A788DA21D1}.Debug|x64.ActiveCfg = Debug|x64
		{6905DE3A-7630-4B1F-BDF0-54A788DA21D1}.Debug|x64.Build.0 = Debug|x64
		{6905DE3A-7630-4B1F-BDF0-54A788DA21D1}.Debug|x86.ActiveCfg = Debug|Win32
		{6905DE3A-7630-4B1F-BDF0-54A788DA21D1}.Debug|x86.Build.0 = Debug|Win32
		{6905DE3A-7630-4B1F-BDF0-54A788DA21D1}.Release|x64.ActiveCfg = Release|x64
		{6905DE3A-7630-4B1F-BDF0-54A788DA21D1}.Release|x64.Build.0 = Release|x64
		{6905DE3A-7630-4B1F-BDF0-54A788DA21D1}.Release|x86.ActiveCfg = Release|Win32
		{6905DE3A-7630-4B1F-BDF0-54A788DA21D1}.Release|x86.Build.0 = Release|Win32
	EndGlobalSection
	GlobalSection(SolutionProperties) = preSolution
		HideSolutionNode = FALSE
	EndGlobalSection
	GlobalSection(ExtensibilityGlobals) = postSolution
		SolutionGuid = {5FCC3C01-04C9-4DF2-B713-B93B0E879FCA}
	EndGlobalSection
EndGlobal
